
Microsoft Visual Studio Solution File, Format Version 12.00
# Visual Studio Version 17
VisualStudioVersion = 17.8.34330.188
MinimumVisualStudioVersion = 10.0.40219.1
Project("{FAE04EC0-301F-11D3-BF4B-00C04F79EFBC}") = "DoanNgocTranChau_Ass2", "DoanNgocTranChau_Ass2\DoanNgocTranChau_Ass2.csproj", "{E1EA863B-2C26-488A-B28A-E87038CEBFBC}"
EndProject
Project("{FAE04EC0-301F-11D3-BF4B-00C04F79EFBC}") = "BusinessObject", "BusinessObject\BusinessObject.csproj", "{3A599860-2773-47E8-A608-511691CE58C4}"
EndProject
Project("{FAE04EC0-301F-11D3-BF4B-00C04F79EFBC}") = "DAO", "DAO\DAO.csproj", "{64F30061-AFEF-4B28-A610-CD548F4ACE6B}"
EndProject
Project("{FAE04EC0-301F-11D3-BF4B-00C04F79EFBC}") = "Repository", "Repository\Repository.csproj", "{3C7F9025-9D75-41AA-A809-A3DC334664C9}"
EndProject
Project("{FAE04EC0-301F-11D3-BF4B-00C04F79EFBC}") = "Service", "Service\Service.csproj", "{A91051BB-D4C7-4520-BDB0-CC8FAE1ED1AA}"
EndProject
Global
	GlobalSection(SolutionConfigurationPlatforms) = preSolution
		Debug|Any CPU = Debug|Any CPU
		Release|Any CPU = Release|Any CPU
	EndGlobalSection
	GlobalSection(ProjectConfigurationPlatforms) = postSolution
		{E1EA863B-2C26-488A-B28A-E87038CEBFBC}.Debug|Any CPU.ActiveCfg = Debug|Any CPU
		{E1EA863B-2C26-488A-B28A-E87038CEBFBC}.Debug|Any CPU.Build.0 = Debug|Any CPU
		{E1EA863B-2C26-488A-B28A-E87038CEBFBC}.Release|Any CPU.ActiveCfg = Release|Any CPU
		{E1EA863B-2C26-488A-B28A-E87038CEBFBC}.Release|Any CPU.Build.0 = Release|Any CPU
		{3A599860-2773-47E8-A608-511691CE58C4}.Debug|Any CPU.ActiveCfg = Debug|Any CPU
		{3A599860-2773-47E8-A608-511691CE58C4}.Debug|Any CPU.Build.0 = Debug|Any CPU
		{3A599860-2773-47E8-A608-511691CE58C4}.Release|Any CPU.ActiveCfg = Release|Any CPU
		{3A599860-2773-47E8-A608-511691CE58C4}.Release|Any CPU.Build.0 = Release|Any CPU
		{64F30061-AFEF-4B28-A610-CD548F4ACE6B}.Debug|Any CPU.ActiveCfg = Debug|Any CPU
		{64F30061-AFEF-4B28-A610-CD548F4ACE6B}.Debug|Any CPU.Build.0 = Debug|Any CPU
		{64F30061-AFEF-4B28-A610-CD548F4ACE6B}.Release|Any CPU.ActiveCfg = Release|Any CPU
		{64F30061-AFEF-4B28-A610-CD548F4ACE6B}.Release|Any CPU.Build.0 = Release|Any CPU
		{3C7F9025-9D75-41AA-A809-A3DC334664C9}.Debug|Any CPU.ActiveCfg = Debug|Any CPU
		{3C7F9025-9D75-41AA-A809-A3DC334664C9}.Debug|Any CPU.Build.0 = Debug|Any CPU
		{3C7F9025-9D75-41AA-A809-A3DC334664C9}.Release|Any CPU.ActiveCfg = Release|Any CPU
		{3C7F9025-9D75-41AA-A809-A3DC334664C9}.Release|Any CPU.Build.0 = Release|Any CPU
		{A91051BB-D4C7-4520-BDB0-CC8FAE1ED1AA}.Debug|Any CPU.ActiveCfg = Debug|Any CPU
		{A91051BB-D4C7-4520-BDB0-CC8FAE1ED1AA}.Debug|Any CPU.Build.0 = Debug|Any CPU
		{A91051BB-D4C7-4520-BDB0-CC8FAE1ED1AA}.Release|Any CPU.ActiveCfg = Release|Any CPU
		{A91051BB-D4C7-4520-BDB0-CC8FAE1ED1AA}.Release|Any CPU.Build.0 = Release|Any CPU
	EndGlobalSection
	GlobalSection(SolutionProperties) = preSolution
		HideSolutionNode = FALSE
	EndGlobalSection
	GlobalSection(ExtensibilityGlobals) = postSolution
		SolutionGuid = {B3DDD42E-7CEA-4753-96A6-FA02FCB0B7A7}
	EndGlobalSection
EndGlobal
